// !$*UTF8*$!
{
	archiveVersion = 1;
	classes = {
	};
	objectVersion = 50;
	objects = {

/* Begin PBXBuildFile section */
		01818DA822DB2AA9000D967E /* AppDelegate.swift in Sources */ = {isa = PBXBuildFile; fileRef = 01818DA722DB2AA9000D967E /* AppDelegate.swift */; };
		01818DAA22DB2AA9000D967E /* art.scnassets in Resources */ = {isa = PBXBuildFile; fileRef = 01818DA922DB2AA9000D967E /* art.scnassets */; };
		01818DAC22DB2AA9000D967E /* ViewController.swift in Sources */ = {isa = PBXBuildFile; fileRef = 01818DAB22DB2AA9000D967E /* ViewController.swift */; };
		01818DAF22DB2AA9000D967E /* Main.storyboard in Resources */ = {isa = PBXBuildFile; fileRef = 01818DAD22DB2AA9000D967E /* Main.storyboard */; };
		01818DB122DB2AAB000D967E /* Assets.xcassets in Resources */ = {isa = PBXBuildFile; fileRef = 01818DB022DB2AAB000D967E /* Assets.xcassets */; };
		01818DB422DB2AAB000D967E /* LaunchScreen.storyboard in Resources */ = {isa = PBXBuildFile; fileRef = 01818DB222DB2AAB000D967E /* LaunchScreen.storyboard */; };
/* End PBXBuildFile section */

/* Begin PBXFileReference section */
		01818DA422DB2AA9000D967E /* ARKit_Dev.app */ = {isa = PBXFileReference; explicitFileType = wrapper.application; includeInIndex = 0; path = ARKit_Dev.app; sourceTree = BUILT_PRODUCTS_DIR; };
		01818DA722DB2AA9000D967E /* AppDelegate.swift */ = {isa = PBXFileReference; lastKnownFileType = sourcecode.swift; path = AppDelegate.swift; sourceTree = "<group>"; };
		01818DA922DB2AA9000D967E /* art.scnassets */ = {isa = PBXFileReference; lastKnownFileType = wrapper.scnassets; path = art.scnassets; sourceTree = "<group>"; };
		01818DAB22DB2AA9000D967E /* ViewController.swift */ = {isa = PBXFileReference; lastKnownFileType = sourcecode.swift; path = ViewController.swift; sourceTree = "<group>"; };
		01818DAE22DB2AA9000D967E /* Base */ = {isa = PBXFileReference; lastKnownFileType = file.storyboard; name = Base; path = Base.lproj/Main.storyboard; sourceTree = "<group>"; };
		01818DB022DB2AAB000D967E /* Assets.xcassets */ = {isa = PBXFileReference; lastKnownFileType = folder.assetcatalog; path = Assets.xcassets; sourceTree = "<group>"; };
		01818DB322DB2AAB000D967E /* Base */ = {isa = PBXFileReference; lastKnownFileType = file.storyboard; name = Base; path = Base.lproj/LaunchScreen.storyboard; sourceTree = "<group>"; };
		01818DB522DB2AAB000D967E /* Info.plist */ = {isa = PBXFileReference; lastKnownFileType = text.plist.xml; path = Info.plist; sourceTree = "<group>"; };
/* End PBXFileReference section */

/* Begin PBXFrameworksBuildPhase section */
		01818DA122DB2AA9000D967E /* Frameworks */ = {
			isa = PBXFrameworksBuildPhase;
			buildActionMask = 2147483647;
			files = (
			);
			runOnlyForDeploymentPostprocessing = 0;
		};
/* End PBXFrameworksBuildPhase section */

/* Begin PBXGroup section */
		01818D9B22DB2AA9000D967E = {
			isa = PBXGroup;
			children = (
				01818DA622DB2AA9000D967E /* ARKit_Dev */,
				01818DA522DB2AA9000D967E /* Products */,
			);
			sourceTree = "<group>";
		};
		01818DA522DB2AA9000D967E /* Products */ = {
			isa = PBXGroup;
			children = (
				01818DA422DB2AA9000D967E /* ARKit_Dev.app */,
			);
			name = Products;
			sourceTree = "<group>";
		};
		01818DA622DB2AA9000D967E /* ARKit_Dev */ = {
			isa = PBXGroup;
			children = (
				01818DA722DB2AA9000D967E /* AppDelegate.swift */,
				01818DA922DB2AA9000D967E /* art.scnassets */,
				01818DAB22DB2AA9000D967E /* ViewController.swift */,
				01818DAD22DB2AA9000D967E /* Main.storyboard */,
				01818DB022DB2AAB000D967E /* Assets.xcassets */,
				01818DB222DB2AAB000D967E /* LaunchScreen.storyboard */,
				01818DB522DB2AAB000D967E /* Info.plist */,
			);
			path = ARKit_Dev;
			sourceTree = "<group>";
		};
/* End PBXGroup section */

/* Begin PBXNativeTarget section */
		01818DA322DB2AA9000D967E /* ARKit_Dev */ = {
			isa = PBXNativeTarget;
			buildConfigurationList = 01818DB822DB2AAB000D967E /* Build configuration list for PBXNativeTarget "ARKit_Dev" */;
			buildPhases = (
				01818DA022DB2AA9000D967E /* Sources */,
				01818DA122DB2AA9000D967E /* Frameworks */,
				01818DA222DB2AA9000D967E /* Resources */,
			);
			buildRules = (
			);
			dependencies = (
			);
			name = ARKit_Dev;
			productName = ARKit_Dev;
			productReference = 01818DA422DB2AA9000D967E /* ARKit_Dev.app */;
			productType = "com.apple.product-type.application";
		};
/* End PBXNativeTarget section */

/* Begin PBXProject section */
		01818D9C22DB2AA9000D967E /* Project object */ = {
			isa = PBXProject;
			attributes = {
				LastSwiftUpdateCheck = 1020;
				LastUpgradeCheck = 1020;
				ORGANIZATIONNAME = ait;
				TargetAttributes = {
					01818DA322DB2AA9000D967E = {
						CreatedOnToolsVersion = 10.2.1;
					};
				};
			};
			buildConfigurationList = 01818D9F22DB2AA9000D967E /* Build configuration list for PBXProject "ARKit_Dev" */;
			compatibilityVersion = "Xcode 9.3";
			developmentRegion = en;
			hasScannedForEncodings = 0;
			knownRegions = (
				en,
				Base,
			);
			mainGroup = 01818D9B22DB2AA9000D967E;
			productRefGroup = 01818DA522DB2AA9000D967E /* Products */;
			projectDirPath = "";
			projectRoot = "";
			targets = (
				01818DA322DB2AA9000D967E /* ARKit_Dev */,
			);
		};
/* End PBXProject section */

/* Begin PBXResourcesBuildPhase section */
		01818DA222DB2AA9000D967E /* Resources */ = {
			isa = PBXResourcesBuildPhase;
			buildActionMask = 2147483647;
			files = (
				01818DAA22DB2AA9000D967E /* art.scnassets in Resources */,
				01818DB422DB2AAB000D967E /* LaunchScreen.storyboard in Resources */,
				01818DB122DB2AAB000D967E /* Assets.xcassets in Resources */,
				01818DAF22DB2AA9000D967E /* Main.storyboard in Resources */,
			);
			runOnlyForDeploymentPostprocessing = 0;
		};
/* End PBXResourcesBuildPhase section */

/* Begin PBXSourcesBuildPhase section */
		01818DA022DB2AA9000D967E /* Sources */ = {
			isa = PBXSourcesBuildPhase;
			buildActionMask = 2147483647;
			files = (
				01818DAC22DB2AA9000D967E /* ViewController.swift in Sources */,
				01818DA822DB2AA9000D967E /* AppDelegate.swift in Sources */,
			);
			runOnlyForDeploymentPostprocessing = 0;
		};
/* End PBXSourcesBuildPhase section */

/* Begin PBXVariantGroup section */
		01818DAD22DB2AA9000D967E /* Main.storyboard */ = {
			isa = PBXVariantGroup;
			children = (
				01818DAE22DB2AA9000D967E /* Base */,
			);
			name = Main.storyboard;
			sourceTree = "<group>";
		};
		01818DB222DB2AAB000D967E /* LaunchScreen.storyboard */ = {
			isa = PBXVariantGroup;
			children = (
				01818DB322DB2AAB000D967E /* Base */,
			);
			name = LaunchScreen.storyboard;
			sourceTree = "<group>";
		};
/* End PBXVariantGroup section */

/* Begin XCBuildConfiguration section */
		01818DB622DB2AAB000D967E /* Debug */ = {
			isa = XCBuildConfiguration;
			buildSettings = {
				ALWAYS_SEARCH_USER_PATHS = NO;
				CLANG_ANALYZER_NONNULL = YES;
				CLANG_ANALYZER_NUMBER_OBJECT_CONVERSION = YES_AGGRESSIVE;
				CLANG_CXX_LANGUAGE_STANDARD = "gnu++14";
				CLANG_CXX_LIBRARY = "libc++";
				CLANG_ENABLE_MODULES = YES;
				CLANG_ENABLE_OBJC_ARC = YES;
				CLANG_ENABLE_OBJC_WEAK = YES;
				CLANG_WARN_BLOCK_CAPTURE_AUTORELEASING = YES;
				CLANG_WARN_BOOL_CONVERSION = YES;
				CLANG_WARN_COMMA = YES;
				CLANG_WARN_CONSTANT_CONVERSION = YES;
				CLANG_WARN_DEPRECATED_OBJC_IMPLEMENTATIONS = YES;
				CLANG_WARN_DIRECT_OBJC_ISA_USAGE = YES_ERROR;
				CLANG_WARN_DOCUMENTATION_COMMENTS = YES;
				CLANG_WARN_EMPTY_BODY = YES;
				CLANG_WARN_ENUM_CONVERSION = YES;
				CLANG_WARN_INFINITE_RECURSION = YES;
				CLANG_WARN_INT_CONVERSION = YES;
				CLANG_WARN_NON_LITERAL_NULL_CONVERSION = YES;
				CLANG_WARN_OBJC_IMPLICIT_RETAIN_SELF = YES;
				CLANG_WARN_OBJC_LITERAL_CONVERSION = YES;
				CLANG_WARN_OBJC_ROOT_CLASS = YES_ERROR;
				CLANG_WARN_RANGE_LOOP_ANALYSIS = YES;
				CLANG_WARN_STRICT_PROTOTYPES = YES;
				CLANG_WARN_SUSPICIOUS_MOVE = YES;
				CLANG_WARN_UNGUARDED_AVAILABILITY = YES_AGGRESSIVE;
				CLANG_WARN_UNREACHABLE_CODE = YES;
				CLANG_WARN__DUPLICATE_METHOD_MATCH = YES;
				CODE_SIGN_IDENTITY = "iPhone Developer";
				COPY_PHASE_STRIP = NO;
				DEBUG_INFORMATION_FORMAT = dwarf;
				ENABLE_STRICT_OBJC_MSGSEND = YES;
				ENABLE_TESTABILITY = YES;
				GCC_C_LANGUAGE_STANDARD = gnu11;
				GCC_DYNAMIC_NO_PIC = NO;
				GCC_NO_COMMON_BLOCKS = YES;
				GCC_OPTIMIZATION_LEVEL = 0;
				GCC_PREPROCESSOR_DEFINITIONS = (
					"DEBUG=1",
					"$(inherited)",
				);
				GCC_WARN_64_TO_32_BIT_CONVERSION = YES;
				GCC_WARN_ABOUT_RETURN_TYPE = YES_ERROR;
				GCC_WARN_UNDECLARED_SELECTOR = YES;
				GCC_WARN_UNINITIALIZED_AUTOS = YES_AGGRESSIVE;
				GCC_WARN_UNUSED_FUNCTION = YES;
				GCC_WARN_UNUSED_VARIABLE = YES;
				IPHONEOS_DEPLOYMENT_TARGET = 12.2;
				MTL_ENABLE_DEBUG_INFO = INCLUDE_SOURCE;
				MTL_FAST_MATH = YES;
				ONLY_ACTIVE_ARCH = YES;
				SDKROOT = iphoneos;
				SWIFT_ACTIVE_COMPILATION_CONDITIONS = DEBUG;
				SWIFT_OPTIMIZATION_LEVEL = "-Onone";
			};
			name = Debug;
		};
		01818DB722DB2AAB000D967E /* Release */ = {
			isa = XCBuildConfiguration;
			buildSettings = {
				ALWAYS_SEARCH_USER_PATHS = NO;
				CLANG_ANALYZER_NONNULL = YES;
				CLANG_ANALYZER_NUMBER_OBJECT_CONVERSION = YES_AGGRESSIVE;
				CLANG_CXX_LANGUAGE_STANDARD = "gnu++14";
				CLANG_CXX_LIBRARY = "libc++";
				CLANG_ENABLE_MODULES = YES;
				CLANG_ENABLE_OBJC_ARC = YES;
				CLANG_ENABLE_OBJC_WEAK = YES;
				CLANG_WARN_BLOCK_CAPTURE_AUTORELEASING = YES;
				CLANG_WARN_BOOL_CONVERSION = YES;
				CLANG_WARN_COMMA = YES;
				CLANG_WARN_CONSTANT_CONVERSION = YES;
				CLANG_WARN_DEPRECATED_OBJC_IMPLEMENTATIONS = YES;
				CLANG_WARN_DIRECT_OBJC_ISA_USAGE = YES_ERROR;
				CLANG_WARN_DOCUMENTATION_COMMENTS = YES;
				CLANG_WARN_EMPTY_BODY = YES;
				CLANG_WARN_ENUM_CONVERSION = YES;
				CLANG_WARN_INFINITE_RECURSION = YES;
				CLANG_WARN_INT_CONVERSION = YES;
				CLANG_WARN_NON_LITERAL_NULL_CONVERSION = YES;
				CLANG_WARN_OBJC_IMPLICIT_RETAIN_SELF = YES;
				CLANG_WARN_OBJC_LITERAL_CONVERSION = YES;
				CLANG_WARN_OBJC_ROOT_CLASS = YES_ERROR;
				CLANG_WARN_RANGE_LOOP_ANALYSIS = YES;
				CLANG_WARN_STRICT_PROTOTYPES = YES;
				CLANG_WARN_SUSPICIOUS_MOVE = YES;
				CLANG_WARN_UNGUARDED_AVAILABILITY = YES_AGGRESSIVE;
				CLANG_WARN_UNREACHABLE_CODE = YES;
				CLANG_WARN__DUPLICATE_METHOD_MATCH = YES;
				CODE_SIGN_IDENTITY = "iPhone Developer";
				COPY_PHASE_STRIP = NO;
				DEBUG_INFORMATION_FORMAT = "dwarf-with-dsym";
				ENABLE_NS_ASSERTIONS = NO;
				ENABLE_STRICT_OBJC_MSGSEND = YES;
				GCC_C_LANGUAGE_STANDARD = gnu11;
				GCC_NO_COMMON_BLOCKS = YES;
				GCC_WARN_64_TO_32_BIT_CONVERSION = YES;
				GCC_WARN_ABOUT_RETURN_TYPE = YES_ERROR;
				GCC_WARN_UNDECLARED_SELECTOR = YES;
				GCC_WARN_UNINITIALIZED_AUTOS = YES_AGGRESSIVE;
				GCC_WARN_UNUSED_FUNCTION = YES;
				GCC_WARN_UNUSED_VARIABLE = YES;
				IPHONEOS_DEPLOYMENT_TARGET = 12.2;
				MTL_ENABLE_DEBUG_INFO = NO;
				MTL_FAST_MATH = YES;
				SDKROOT = iphoneos;
				SWIFT_COMPILATION_MODE = wholemodule;
				SWIFT_OPTIMIZATION_LEVEL = "-O";
				VALIDATE_PRODUCT = YES;
			};
			name = Release;
		};
		01818DB922DB2AAB000D967E /* Debug */ = {
			isa = XCBuildConfiguration;
			buildSettings = {
				ASSETCATALOG_COMPILER_APPICON_NAME = AppIcon;
				CODE_SIGN_STYLE = Automatic;
				DEVELOPMENT_TEAM = C8V9F4J45Z;
				INFOPLIST_FILE = ARKit_Dev/Info.plist;
				LD_RUNPATH_SEARCH_PATHS = (
					"$(inherited)",
					"@executable_path/Frameworks",
				);
				PRODUCT_BUNDLE_IDENTIFIER = "com.ait.ARKit-Dev";
				PRODUCT_NAME = "$(TARGET_NAME)";
				SWIFT_VERSION = 5.0;
				TARGETED_DEVICE_FAMILY = "1,2";
			};
			name = Debug;
		};
		01818DBA22DB2AAB000D967E /* Release */ = {
			isa = XCBuildConfiguration;
			buildSettings = {
				ASSETCATALOG_COMPILER_APPICON_NAME = AppIcon;
				CODE_SIGN_STYLE = Automatic;
				DEVELOPMENT_TEAM = C8V9F4J45Z;
				INFOPLIST_FILE = ARKit_Dev/Info.plist;
				LD_RUNPATH_SEARCH_PATHS = (
					"$(inherited)",
					"@executable_path/Frameworks",
				);
				PRODUCT_BUNDLE_IDENTIFIER = "com.ait.ARKit-Dev";
				PRODUCT_NAME = "$(TARGET_NAME)";
				SWIFT_VERSION = 5.0;
				TARGETED_DEVICE_FAMILY = "1,2";
			};
			name = Release;
		};
/* End XCBuildConfiguration section */

/* Begin XCConfigurationList section */
		01818D9F22DB2AA9000D967E /* Build configuration list for PBXProject "ARKit_Dev" */ = {
			isa = XCConfigurationList;
			buildConfigurations = (
				01818DB622DB2AAB000D967E /* Debug */,
				01818DB722DB2AAB000D967E /* Release */,
			);
			defaultConfigurationIsVisible = 0;
			defaultConfigurationName = Release;
		};
		01818DB822DB2AAB000D967E /* Build configuration list for PBXNativeTarget "ARKit_Dev" */ = {
			isa = XCConfigurationList;
			buildConfigurations = (
				01818DB922DB2AAB000D967E /* Debug */,
				01818DBA22DB2AAB000D967E /* Release */,
			);
			defaultConfigurationIsVisible = 0;
			defaultConfigurationName = Release;
		};
/* End XCConfigurationList section */
	};
	rootObject = 01818D9C22DB2AA9000D967E /* Project object */;
}
